// !$*UTF8*$!
{
	archiveVersion = 1;
	classes = {
	};
	objectVersion = 46;
	objects = {

/* Begin PBXBuildFile section */
		31FE52971ED0A6EE00FB3CE7 /* AppDelegate.swift in Sources */ = {isa = PBXBuildFile; fileRef = 31FE52961ED0A6EE00FB3CE7 /* AppDelegate.swift */; };
		31FE52991ED0A6EE00FB3CE7 /* ViewController.swift in Sources */ = {isa = PBXBuildFile; fileRef = 31FE52981ED0A6EE00FB3CE7 /* ViewController.swift */; };
		31FE529C1ED0A6EE00FB3CE7 /* Main.storyboard in Resources */ = {isa = PBXBuildFile; fileRef = 31FE529A1ED0A6EE00FB3CE7 /* Main.storyboard */; };
		31FE529E1ED0A6EE00FB3CE7 /* Assets.xcassets in Resources */ = {isa = PBXBuildFile; fileRef = 31FE529D1ED0A6EE00FB3CE7 /* Assets.xcassets */; };
		31FE52A11ED0A6EE00FB3CE7 /* LaunchScreen.storyboard in Resources */ = {isa = PBXBuildFile; fileRef = 31FE529F1ED0A6EE00FB3CE7 /* LaunchScreen.storyboard */; };
		31FE52AC1ED0A6EE00FB3CE7 /* scrollstackTests.swift in Sources */ = {isa = PBXBuildFile; fileRef = 31FE52AB1ED0A6EE00FB3CE7 /* scrollstackTests.swift */; };
		31FE52B71ED0A6EE00FB3CE7 /* scrollstackUITests.swift in Sources */ = {isa = PBXBuildFile; fileRef = 31FE52B61ED0A6EE00FB3CE7 /* scrollstackUITests.swift */; };
/* End PBXBuildFile section */

/* Begin PBXContainerItemProxy section */
		31FE52A81ED0A6EE00FB3CE7 /* PBXContainerItemProxy */ = {
			isa = PBXContainerItemProxy;
			containerPortal = 31FE528B1ED0A6EE00FB3CE7 /* Project object */;
			proxyType = 1;
			remoteGlobalIDString = 31FE52921ED0A6EE00FB3CE7;
			remoteInfo = scrollstack;
		};
		31FE52B31ED0A6EE00FB3CE7 /* PBXContainerItemProxy */ = {
			isa = PBXContainerItemProxy;
			containerPortal = 31FE528B1ED0A6EE00FB3CE7 /* Project object */;
			proxyType = 1;
			remoteGlobalIDString = 31FE52921ED0A6EE00FB3CE7;
			remoteInfo = scrollstack;
		};
/* End PBXContainerItemProxy section */

/* Begin PBXFileReference section */
		31FE52931ED0A6EE00FB3CE7 /* scrollstack.app */ = {isa = PBXFileReference; explicitFileType = wrapper.application; includeInIndex = 0; path = scrollstack.app; sourceTree = BUILT_PRODUCTS_DIR; };
		31FE52961ED0A6EE00FB3CE7 /* AppDelegate.swift */ = {isa = PBXFileReference; lastKnownFileType = sourcecode.swift; path = AppDelegate.swift; sourceTree = "<group>"; };
		31FE52981ED0A6EE00FB3CE7 /* ViewController.swift */ = {isa = PBXFileReference; lastKnownFileType = sourcecode.swift; path = ViewController.swift; sourceTree = "<group>"; };
		31FE529B1ED0A6EE00FB3CE7 /* Base */ = {isa = PBXFileReference; lastKnownFileType = file.storyboard; name = Base; path = Base.lproj/Main.storyboard; sourceTree = "<group>"; };
		31FE529D1ED0A6EE00FB3CE7 /* Assets.xcassets */ = {isa = PBXFileReference; lastKnownFileType = folder.assetcatalog; path = Assets.xcassets; sourceTree = "<group>"; };
		31FE52A01ED0A6EE00FB3CE7 /* Base */ = {isa = PBXFileReference; lastKnownFileType = file.storyboard; name = Base; path = Base.lproj/LaunchScreen.storyboard; sourceTree = "<group>"; };
		31FE52A21ED0A6EE00FB3CE7 /* Info.plist */ = {isa = PBXFileReference; lastKnownFileType = text.plist.xml; path = Info.plist; sourceTree = "<group>"; };
		31FE52A71ED0A6EE00FB3CE7 /* scrollstackTests.xctest */ = {isa = PBXFileReference; explicitFileType = wrapper.cfbundle; includeInIndex = 0; path = scrollstackTests.xctest; sourceTree = BUILT_PRODUCTS_DIR; };
		31FE52AB1ED0A6EE00FB3CE7 /* scrollstackTests.swift */ = {isa = PBXFileReference; lastKnownFileType = sourcecode.swift; path = scrollstackTests.swift; sourceTree = "<group>"; };
		31FE52AD1ED0A6EE00FB3CE7 /* Info.plist */ = {isa = PBXFileReference; lastKnownFileType = text.plist.xml; path = Info.plist; sourceTree = "<group>"; };
		31FE52B21ED0A6EE00FB3CE7 /* scrollstackUITests.xctest */ = {isa = PBXFileReference; explicitFileType = wrapper.cfbundle; includeInIndex = 0; path = scrollstackUITests.xctest; sourceTree = BUILT_PRODUCTS_DIR; };
		31FE52B61ED0A6EE00FB3CE7 /* scrollstackUITests.swift */ = {isa = PBXFileReference; lastKnownFileType = sourcecode.swift; path = scrollstackUITests.swift; sourceTree = "<group>"; };
		31FE52B81ED0A6EE00FB3CE7 /* Info.plist */ = {isa = PBXFileReference; lastKnownFileType = text.plist.xml; path = Info.plist; sourceTree = "<group>"; };
/* End PBXFileReference section */

/* Begin PBXFrameworksBuildPhase section */
		31FE52901ED0A6EE00FB3CE7 /* Frameworks */ = {
			isa = PBXFrameworksBuildPhase;
			buildActionMask = 2147483647;
			files = (
			);
			runOnlyForDeploymentPostprocessing = 0;
		};
		31FE52A41ED0A6EE00FB3CE7 /* Frameworks */ = {
			isa = PBXFrameworksBuildPhase;
			buildActionMask = 2147483647;
			files = (
			);
			runOnlyForDeploymentPostprocessing = 0;
		};
		31FE52AF1ED0A6EE00FB3CE7 /* Frameworks */ = {
			isa = PBXFrameworksBuildPhase;
			buildActionMask = 2147483647;
			files = (
			);
			runOnlyForDeploymentPostprocessing = 0;
		};
/* End PBXFrameworksBuildPhase section */

/* Begin PBXGroup section */
		31FE528A1ED0A6EE00FB3CE7 = {
			isa = PBXGroup;
			children = (
				31FE52951ED0A6EE00FB3CE7 /* scrollstack */,
				31FE52AA1ED0A6EE00FB3CE7 /* scrollstackTests */,
				31FE52B51ED0A6EE00FB3CE7 /* scrollstackUITests */,
				31FE52941ED0A6EE00FB3CE7 /* Products */,
			);
			sourceTree = "<group>";
		};
		31FE52941ED0A6EE00FB3CE7 /* Products */ = {
			isa = PBXGroup;
			children = (
				31FE52931ED0A6EE00FB3CE7 /* scrollstack.app */,
				31FE52A71ED0A6EE00FB3CE7 /* scrollstackTests.xctest */,
				31FE52B21ED0A6EE00FB3CE7 /* scrollstackUITests.xctest */,
			);
			name = Products;
			sourceTree = "<group>";
		};
		31FE52951ED0A6EE00FB3CE7 /* scrollstack */ = {
			isa = PBXGroup;
			children = (
				31FE52961ED0A6EE00FB3CE7 /* AppDelegate.swift */,
				31FE52981ED0A6EE00FB3CE7 /* ViewController.swift */,
				31FE529A1ED0A6EE00FB3CE7 /* Main.storyboard */,
				31FE529D1ED0A6EE00FB3CE7 /* Assets.xcassets */,
				31FE529F1ED0A6EE00FB3CE7 /* LaunchScreen.storyboard */,
				31FE52A21ED0A6EE00FB3CE7 /* Info.plist */,
			);
			path = scrollstack;
			sourceTree = "<group>";
		};
		31FE52AA1ED0A6EE00FB3CE7 /* scrollstackTests */ = {
			isa = PBXGroup;
			children = (
				31FE52AB1ED0A6EE00FB3CE7 /* scrollstackTests.swift */,
				31FE52AD1ED0A6EE00FB3CE7 /* Info.plist */,
			);
			path = scrollstackTests;
			sourceTree = "<group>";
		};
		31FE52B51ED0A6EE00FB3CE7 /* scrollstackUITests */ = {
			isa = PBXGroup;
			children = (
				31FE52B61ED0A6EE00FB3CE7 /* scrollstackUITests.swift */,
				31FE52B81ED0A6EE00FB3CE7 /* Info.plist */,
			);
			path = scrollstackUITests;
			sourceTree = "<group>";
		};
/* End PBXGroup section */

/* Begin PBXNativeTarget section */
		31FE52921ED0A6EE00FB3CE7 /* scrollstack */ = {
			isa = PBXNativeTarget;
			buildConfigurationList = 31FE52BB1ED0A6EE00FB3CE7 /* Build configuration list for PBXNativeTarget "scrollstack" */;
			buildPhases = (
				31FE528F1ED0A6EE00FB3CE7 /* Sources */,
				31FE52901ED0A6EE00FB3CE7 /* Frameworks */,
				31FE52911ED0A6EE00FB3CE7 /* Resources */,
			);
			buildRules = (
			);
			dependencies = (
			);
			name = scrollstack;
			productName = scrollstack;
			productReference = 31FE52931ED0A6EE00FB3CE7 /* scrollstack.app */;
			productType = "com.apple.product-type.application";
		};
		31FE52A61ED0A6EE00FB3CE7 /* scrollstackTests */ = {
			isa = PBXNativeTarget;
			buildConfigurationList = 31FE52BE1ED0A6EE00FB3CE7 /* Build configuration list for PBXNativeTarget "scrollstackTests" */;
			buildPhases = (
				31FE52A31ED0A6EE00FB3CE7 /* Sources */,
				31FE52A41ED0A6EE00FB3CE7 /* Frameworks */,
				31FE52A51ED0A6EE00FB3CE7 /* Resources */,
			);
			buildRules = (
			);
			dependencies = (
				31FE52A91ED0A6EE00FB3CE7 /* PBXTargetDependency */,
			);
			name = scrollstackTests;
			productName = scrollstackTests;
			productReference = 31FE52A71ED0A6EE00FB3CE7 /* scrollstackTests.xctest */;
			productType = "com.apple.product-type.bundle.unit-test";
		};
		31FE52B11ED0A6EE00FB3CE7 /* scrollstackUITests */ = {
			isa = PBXNativeTarget;
			buildConfigurationList = 31FE52C11ED0A6EE00FB3CE7 /* Build configuration list for PBXNativeTarget "scrollstackUITests" */;
			buildPhases = (
				31FE52AE1ED0A6EE00FB3CE7 /* Sources */,
				31FE52AF1ED0A6EE00FB3CE7 /* Frameworks */,
				31FE52B01ED0A6EE00FB3CE7 /* Resources */,
			);
			buildRules = (
			);
			dependencies = (
				31FE52B41ED0A6EE00FB3CE7 /* PBXTargetDependency */,
			);
			name = scrollstackUITests;
			productName = scrollstackUITests;
			productReference = 31FE52B21ED0A6EE00FB3CE7 /* scrollstackUITests.xctest */;
			productType = "com.apple.product-type.bundle.ui-testing";
		};
/* End PBXNativeTarget section */

/* Begin PBXProject section */
		31FE528B1ED0A6EE00FB3CE7 /* Project object */ = {
			isa = PBXProject;
			attributes = {
				LastSwiftUpdateCheck = 0820;
				LastUpgradeCheck = 0820;
				ORGANIZATIONNAME = "Neeraj Agnihotri";
				TargetAttributes = {
					31FE52921ED0A6EE00FB3CE7 = {
						CreatedOnToolsVersion = 8.2.1;
						ProvisioningStyle = Automatic;
					};
					31FE52A61ED0A6EE00FB3CE7 = {
						CreatedOnToolsVersion = 8.2.1;
						ProvisioningStyle = Automatic;
						TestTargetID = 31FE52921ED0A6EE00FB3CE7;
					};
					31FE52B11ED0A6EE00FB3CE7 = {
						CreatedOnToolsVersion = 8.2.1;
						ProvisioningStyle = Automatic;
						TestTargetID = 31FE52921ED0A6EE00FB3CE7;
					};
				};
			};
			buildConfigurationList = 31FE528E1ED0A6EE00FB3CE7 /* Build configuration list for PBXProject "scrollstack" */;
			compatibilityVersion = "Xcode 3.2";
			developmentRegion = English;
			hasScannedForEncodings = 0;
			knownRegions = (
				en,
				Base,
			);
			mainGroup = 31FE528A1ED0A6EE00FB3CE7;
			productRefGroup = 31FE52941ED0A6EE00FB3CE7 /* Products */;
			projectDirPath = "";
			projectRoot = "";
			targets = (
				31FE52921ED0A6EE00FB3CE7 /* scrollstack */,
				31FE52A61ED0A6EE00FB3CE7 /* scrollstackTests */,
				31FE52B11ED0A6EE00FB3CE7 /* scrollstackUITests */,
			);
		};
/* End PBXProject section */

/* Begin PBXResourcesBuildPhase section */
		31FE52911ED0A6EE00FB3CE7 /* Resources */ = {
			isa = PBXResourcesBuildPhase;
			buildActionMask = 2147483647;
			files = (
				31FE52A11ED0A6EE00FB3CE7 /* LaunchScreen.storyboard in Resources */,
				31FE529E1ED0A6EE00FB3CE7 /* Assets.xcassets in Resources */,
				31FE529C1ED0A6EE00FB3CE7 /* Main.storyboard in Resources */,
			);
			runOnlyForDeploymentPostprocessing = 0;
		};
		31FE52A51ED0A6EE00FB3CE7 /* Resources */ = {
			isa = PBXResourcesBuildPhase;
			buildActionMask = 2147483647;
			files = (
			);
			runOnlyForDeploymentPostprocessing = 0;
		};
		31FE52B01ED0A6EE00FB3CE7 /* Resources */ = {
			isa = PBXResourcesBuildPhase;
			buildActionMask = 2147483647;
			files = (
			);
			runOnlyForDeploymentPostprocessing = 0;
		};
/* End PBXResourcesBuildPhase section */

/* Begin PBXSourcesBuildPhase section */
		31FE528F1ED0A6EE00FB3CE7 /* Sources */ = {
			isa = PBXSourcesBuildPhase;
			buildActionMask = 2147483647;
			files = (
				31FE52991ED0A6EE00FB3CE7 /* ViewController.swift in Sources */,
				31FE52971ED0A6EE00FB3CE7 /* AppDelegate.swift in Sources */,
			);
			runOnlyForDeploymentPostprocessing = 0;
		};
		31FE52A31ED0A6EE00FB3CE7 /* Sources */ = {
			isa = PBXSourcesBuildPhase;
			buildActionMask = 2147483647;
			files = (
				31FE52AC1ED0A6EE00FB3CE7 /* scrollstackTests.swift in Sources */,
			);
			runOnlyForDeploymentPostprocessing = 0;
		};
		31FE52AE1ED0A6EE00FB3CE7 /* Sources */ = {
			isa = PBXSourcesBuildPhase;
			buildActionMask = 2147483647;
			files = (
				31FE52B71ED0A6EE00FB3CE7 /* scrollstackUITests.swift in Sources */,
			);
			runOnlyForDeploymentPostprocessing = 0;
		};
/* End PBXSourcesBuildPhase section */

/* Begin PBXTargetDependency section */
		31FE52A91ED0A6EE00FB3CE7 /* PBXTargetDependency */ = {
			isa = PBXTargetDependency;
			target = 31FE52921ED0A6EE00FB3CE7 /* scrollstack */;
			targetProxy = 31FE52A81ED0A6EE00FB3CE7 /* PBXContainerItemProxy */;
		};
		31FE52B41ED0A6EE00FB3CE7 /* PBXTargetDependency */ = {
			isa = PBXTargetDependency;
			target = 31FE52921ED0A6EE00FB3CE7 /* scrollstack */;
			targetProxy = 31FE52B31ED0A6EE00FB3CE7 /* PBXContainerItemProxy */;
		};
/* End PBXTargetDependency section */

/* Begin PBXVariantGroup section */
		31FE529A1ED0A6EE00FB3CE7 /* Main.storyboard */ = {
			isa = PBXVariantGroup;
			children = (
				31FE529B1ED0A6EE00FB3CE7 /* Base */,
			);
			name = Main.storyboard;
			sourceTree = "<group>";
		};
		31FE529F1ED0A6EE00FB3CE7 /* LaunchScreen.storyboard */ = {
			isa = PBXVariantGroup;
			children = (
				31FE52A01ED0A6EE00FB3CE7 /* Base */,
			);
			name = LaunchScreen.storyboard;
			sourceTree = "<group>";
		};
/* End PBXVariantGroup section */

/* Begin XCBuildConfiguration section */
		31FE52B91ED0A6EE00FB3CE7 /* Debug */ = {
			isa = XCBuildConfiguration;
			buildSettings = {
				ALWAYS_SEARCH_USER_PATHS = NO;
				CLANG_ANALYZER_NONNULL = YES;
				CLANG_CXX_LANGUAGE_STANDARD = "gnu++0x";
				CLANG_CXX_LIBRARY = "libc++";
				CLANG_ENABLE_MODULES = YES;
				CLANG_ENABLE_OBJC_ARC = YES;
				CLANG_WARN_BOOL_CONVERSION = YES;
				CLANG_WARN_CONSTANT_CONVERSION = YES;
				CLANG_WARN_DIRECT_OBJC_ISA_USAGE = YES_ERROR;
				CLANG_WARN_DOCUMENTATION_COMMENTS = YES;
				CLANG_WARN_EMPTY_BODY = YES;
				CLANG_WARN_ENUM_CONVERSION = YES;
				CLANG_WARN_INFINITE_RECURSION = YES;
				CLANG_WARN_INT_CONVERSION = YES;
				CLANG_WARN_OBJC_ROOT_CLASS = YES_ERROR;
				CLANG_WARN_SUSPICIOUS_MOVE = YES;
				CLANG_WARN_UNREACHABLE_CODE = YES;
				CLANG_WARN__DUPLICATE_METHOD_MATCH = YES;
				"CODE_SIGN_IDENTITY[sdk=iphoneos*]" = "iPhone Developer";
				COPY_PHASE_STRIP = NO;
				DEBUG_INFORMATION_FORMAT = dwarf;
				ENABLE_STRICT_OBJC_MSGSEND = YES;
				ENABLE_TESTABILITY = YES;
				GCC_C_LANGUAGE_STANDARD = gnu99;
				GCC_DYNAMIC_NO_PIC = NO;
				GCC_NO_COMMON_BLOCKS = YES;
				GCC_OPTIMIZATION_LEVEL = 0;
				GCC_PREPROCESSOR_DEFINITIONS = (
					"DEBUG=1",
					"$(inherited)",
				);
				GCC_WARN_64_TO_32_BIT_CONVERSION = YES;
				GCC_WARN_ABOUT_RETURN_TYPE = YES_ERROR;
				GCC_WARN_UNDECLARED_SELECTOR = YES;
				GCC_WARN_UNINITIALIZED_AUTOS = YES_AGGRESSIVE;
				GCC_WARN_UNUSED_FUNCTION = YES;
				GCC_WARN_UNUSED_VARIABLE = YES;
				IPHONEOS_DEPLOYMENT_TARGET = 10.2;
				MTL_ENABLE_DEBUG_INFO = YES;
				ONLY_ACTIVE_ARCH = YES;
				SDKROOT = iphoneos;
				SWIFT_ACTIVE_COMPILATION_CONDITIONS = DEBUG;
				SWIFT_OPTIMIZATION_LEVEL = "-Onone";
			};
			name = Debug;
		};
		31FE52BA1ED0A6EE00FB3CE7 /* Release */ = {
			isa = XCBuildConfiguration;
			buildSettings = {
				ALWAYS_SEARCH_USER_PATHS = NO;
				CLANG_ANALYZER_NONNULL = YES;
				CLANG_CXX_LANGUAGE_STANDARD = "gnu++0x";
				CLANG_CXX_LIBRARY = "libc++";
				CLANG_ENABLE_MODULES = YES;
				CLANG_ENABLE_OBJC_ARC = YES;
				CLANG_WARN_BOOL_CONVERSION = YES;
				CLANG_WARN_CONSTANT_CONVERSION = YES;
				CLANG_WARN_DIRECT_OBJC_ISA_USAGE = YES_ERROR;
				CLANG_WARN_DOCUMENTATION_COMMENTS = YES;
				CLANG_WARN_EMPTY_BODY = YES;
				CLANG_WARN_ENUM_CONVERSION = YES;
				CLANG_WARN_INFINITE_RECURSION = YES;
				CLANG_WARN_INT_CONVERSION = YES;
				CLANG_WARN_OBJC_ROOT_CLASS = YES_ERROR;
				CLANG_WARN_SUSPICIOUS_MOVE = YES;
				CLANG_WARN_UNREACHABLE_CODE = YES;
				CLANG_WARN__DUPLICATE_METHOD_MATCH = YES;
				"CODE_SIGN_IDENTITY[sdk=iphoneos*]" = "iPhone Developer";
				COPY_PHASE_STRIP = NO;
				DEBUG_INFORMATION_FORMAT = "dwarf-with-dsym";
				ENABLE_NS_ASSERTIONS = NO;
				ENABLE_STRICT_OBJC_MSGSEND = YES;
				GCC_C_LANGUAGE_STANDARD = gnu99;
				GCC_NO_COMMON_BLOCKS = YES;
				GCC_WARN_64_TO_32_BIT_CONVERSION = YES;
				GCC_WARN_ABOUT_RETURN_TYPE = YES_ERROR;
				GCC_WARN_UNDECLARED_SELECTOR = YES;
				GCC_WARN_UNINITIALIZED_AUTOS = YES_AGGRESSIVE;
				GCC_WARN_UNUSED_FUNCTION = YES;
				GCC_WARN_UNUSED_VARIABLE = YES;
				IPHONEOS_DEPLOYMENT_TARGET = 10.2;
				MTL_ENABLE_DEBUG_INFO = NO;
				SDKROOT = iphoneos;
				SWIFT_OPTIMIZATION_LEVEL = "-Owholemodule";
				VALIDATE_PRODUCT = YES;
			};
			name = Release;
		};
		31FE52BC1ED0A6EE00FB3CE7 /* Debug */ = {
			isa = XCBuildConfiguration;
			buildSettings = {
				ASSETCATALOG_COMPILER_APPICON_NAME = AppIcon;
				INFOPLIST_FILE = scrollstack/Info.plist;
				LD_RUNPATH_SEARCH_PATHS = "$(inherited) @executable_path/Frameworks";
				PRODUCT_BUNDLE_IDENTIFIER = self.scrollstack;
				PRODUCT_NAME = "$(TARGET_NAME)";
				SWIFT_VERSION = 3.0;
			};
			name = Debug;
		};
		31FE52BD1ED0A6EE00FB3CE7 /* Release */ = {
			isa = XCBuildConfiguration;
			buildSettings = {
				ASSETCATALOG_COMPILER_APPICON_NAME = AppIcon;
				INFOPLIST_FILE = scrollstack/Info.plist;
				LD_RUNPATH_SEARCH_PATHS = "$(inherited) @executable_path/Frameworks";
				PRODUCT_BUNDLE_IDENTIFIER = self.scrollstack;
				PRODUCT_NAME = "$(TARGET_NAME)";
				SWIFT_VERSION = 3.0;
			};
			name = Release;
		};
		31FE52BF1ED0A6EE00FB3CE7 /* Debug */ = {
			isa = XCBuildConfiguration;
			buildSettings = {
				ALWAYS_EMBED_SWIFT_STANDARD_LIBRARIES = YES;
				BUNDLE_LOADER = "$(TEST_HOST)";
				INFOPLIST_FILE = scrollstackTests/Info.plist;
				LD_RUNPATH_SEARCH_PATHS = "$(inherited) @executable_path/Frameworks @loader_path/Frameworks";
				PRODUCT_BUNDLE_IDENTIFIER = self.scrollstackTests;
				PRODUCT_NAME = "$(TARGET_NAME)";
				SWIFT_VERSION = 3.0;
				TEST_HOST = "$(BUILT_PRODUCTS_DIR)/scrollstack.app/scrollstack";
			};
			name = Debug;
		};
		31FE52C01ED0A6EE00FB3CE7 /* Release */ = {
			isa = XCBuildConfiguration;
			buildSettings = {
				ALWAYS_EMBED_SWIFT_STANDARD_LIBRARIES = YES;
				BUNDLE_LOADER = "$(TEST_HOST)";
				INFOPLIST_FILE = scrollstackTests/Info.plist;
				LD_RUNPATH_SEARCH_PATHS = "$(inherited) @executable_path/Frameworks @loader_path/Frameworks";
				PRODUCT_BUNDLE_IDENTIFIER = self.scrollstackTests;
				PRODUCT_NAME = "$(TARGET_NAME)";
				SWIFT_VERSION = 3.0;
				TEST_HOST = "$(BUILT_PRODUCTS_DIR)/scrollstack.app/scrollstack";
			};
			name = Release;
		};
		31FE52C21ED0A6EE00FB3CE7 /* Debug */ = {
			isa = XCBuildConfiguration;
			buildSettings = {
				ALWAYS_EMBED_SWIFT_STANDARD_LIBRARIES = YES;
				INFOPLIST_FILE = scrollstackUITests/Info.plist;
				LD_RUNPATH_SEARCH_PATHS = "$(inherited) @executable_path/Frameworks @loader_path/Frameworks";
				PRODUCT_BUNDLE_IDENTIFIER = self.scrollstackUITests;
				PRODUCT_NAME = "$(TARGET_NAME)";
				SWIFT_VERSION = 3.0;
				TEST_TARGET_NAME = scrollstack;
			};
			name = Debug;
		};
		31FE52C31ED0A6EE00FB3CE7 /* Release */ = {
			isa = XCBuildConfiguration;
			buildSettings = {
				ALWAYS_EMBED_SWIFT_STANDARD_LIBRARIES = YES;
				INFOPLIST_FILE = scrollstackUITests/Info.plist;
				LD_RUNPATH_SEARCH_PATHS = "$(inherited) @executable_path/Frameworks @loader_path/Frameworks";
				PRODUCT_BUNDLE_IDENTIFIER = self.scrollstackUITests;
				PRODUCT_NAME = "$(TARGET_NAME)";
				SWIFT_VERSION = 3.0;
				TEST_TARGET_NAME = scrollstack;
			};
			name = Release;
		};
/* End XCBuildConfiguration section */

/* Begin XCConfigurationList section */
		31FE528E1ED0A6EE00FB3CE7 /* Build configuration list for PBXProject "scrollstack" */ = {
			isa = XCConfigurationList;
			buildConfigurations = (
				31FE52B91ED0A6EE00FB3CE7 /* Debug */,
				31FE52BA1ED0A6EE00FB3CE7 /* Release */,
			);
			defaultConfigurationIsVisible = 0;
			defaultConfigurationName = Release;
		};
		31FE52BB1ED0A6EE00FB3CE7 /* Build configuration list for PBXNativeTarget "scrollstack" */ = {
			isa = XCConfigurationList;
			buildConfigurations = (
				31FE52BC1ED0A6EE00FB3CE7 /* Debug */,
				31FE52BD1ED0A6EE00FB3CE7 /* Release */,
			);
			defaultConfigurationIsVisible = 0;
		};
		31FE52BE1ED0A6EE00FB3CE7 /* Build configuration list for PBXNativeTarget "scrollstackTests" */ = {
			isa = XCConfigurationList;
			buildConfigurations = (
				31FE52BF1ED0A6EE00FB3CE7 /* Debug */,
				31FE52C01ED0A6EE00FB3CE7 /* Release */,
			);
			defaultConfigurationIsVisible = 0;
		};
		31FE52C11ED0A6EE00FB3CE7 /* Build configuration list for PBXNativeTarget "scrollstackUITests" */ = {
			isa = XCConfigurationList;
			buildConfigurations = (
				31FE52C21ED0A6EE00FB3CE7 /* Debug */,
				31FE52C31ED0A6EE00FB3CE7 /* Release */,
			);
			defaultConfigurationIsVisible = 0;
		};
/* End XCConfigurationList section */
	};
	rootObject = 31FE528B1ED0A6EE00FB3CE7 /* Project object */;
}
